
Microsoft Visual Studio Solution File, Format Version 11.00
# Visual Studio 2010
Project("{FAE04EC0-301F-11D3-BF4B-00C04F79EFBC}") = "1018", "Assembly-CSharp.csproj", "{0AD798C8-673B-FE1E-C172-A862D1A9E798}"
EndProject
Global
	GlobalSection(SolutionConfigurationPlatforms) = preSolution
		Debug|Any CPU = Debug|Any CPU
		Release|Any CPU = Release|Any CPU
	EndGlobalSection
	GlobalSection(ProjectConfigurationPlatforms) = postSolution
		{0AD798C8-673B-FE1E-C172-A862D1A9E798}.Debug|Any CPU.ActiveCfg = Debug|Any CPU
		{0AD798C8-673B-FE1E-C172-A862D1A9E798}.Debug|Any CPU.Build.0 = Debug|Any CPU
		{0AD798C8-673B-FE1E-C172-A862D1A9E798}.Release|Any CPU.ActiveCfg = Release|Any CPU
		{0AD798C8-673B-FE1E-C172-A862D1A9E798}.Release|Any CPU.Build.0 = Release|Any CPU
	EndGlobalSection
	GlobalSection(SolutionProperties) = preSolution
		HideSolutionNode = FALSE
	EndGlobalSection
	GlobalSection(MonoDevelopProperties) = preSolution
		StartupItem = Assembly-CSharp.csproj
	EndGlobalSection
EndGlobal
